
Microsoft Visual Studio Solution File, Format Version 12.00
# Visual Studio Version 17
VisualStudioVersion = 17.3.32929.385
MinimumVisualStudioVersion = 10.0.40219.1
Project("{9A19103F-16F7-4668-BE54-9A1E7A4F7556}") = "BuildingManagement.Web", "BuildingManagement.Web\BuildingManagement.Web.csproj", "{DE5037DA-F386-4BC0-9626-D3D5FDBBA359}"
EndProject
Project("{9A19103F-16F7-4668-BE54-9A1E7A4F7556}") = "BuildingManagement.Api", "BuildingManagement.Api\BuildingManagement.Api.csproj", "{E79A1063-4803-445A-879D-747DCBEE73D8}"
EndProject
Project("{9A19103F-16F7-4668-BE54-9A1E7A4F7556}") = "BuildingManagement.Entities", "BuildingManagement.Entities\BuildingManagement.Entities.csproj", "{88AE5B6A-C509-4027-9148-80DD5B0A342D}"
EndProject
Project("{9A19103F-16F7-4668-BE54-9A1E7A4F7556}") = "BuildingManagement.DataAccess", "BuildingManagement.DataAccess\BuildingManagement.DataAccess.csproj", "{6233756C-D4B1-45C9-9AB2-B65B751A059F}"
EndProject
Project("{9A19103F-16F7-4668-BE54-9A1E7A4F7556}") = "BuildigManagement.Business", "BuildigManagement.Business\BuildigManagement.Business.csproj", "{70D58E97-A04F-4306-A890-215816FAB01A}"
EndProject
Global
	GlobalSection(SolutionConfigurationPlatforms) = preSolution
		Debug|Any CPU = Debug|Any CPU
		Release|Any CPU = Release|Any CPU
	EndGlobalSection
	GlobalSection(ProjectConfigurationPlatforms) = postSolution
		{DE5037DA-F386-4BC0-9626-D3D5FDBBA359}.Debug|Any CPU.ActiveCfg = Debug|Any CPU
		{DE5037DA-F386-4BC0-9626-D3D5FDBBA359}.Debug|Any CPU.Build.0 = Debug|Any CPU
		{DE5037DA-F386-4BC0-9626-D3D5FDBBA359}.Release|Any CPU.ActiveCfg = Release|Any CPU
		{DE5037DA-F386-4BC0-9626-D3D5FDBBA359}.Release|Any CPU.Build.0 = Release|Any CPU
		{E79A1063-4803-445A-879D-747DCBEE73D8}.Debug|Any CPU.ActiveCfg = Debug|Any CPU
		{E79A1063-4803-445A-879D-747DCBEE73D8}.Debug|Any CPU.Build.0 = Debug|Any CPU
		{E79A1063-4803-445A-879D-747DCBEE73D8}.Release|Any CPU.ActiveCfg = Release|Any CPU
		{E79A1063-4803-445A-879D-747DCBEE73D8}.Release|Any CPU.Build.0 = Release|Any CPU
		{88AE5B6A-C509-4027-9148-80DD5B0A342D}.Debug|Any CPU.ActiveCfg = Debug|Any CPU
		{88AE5B6A-C509-4027-9148-80DD5B0A342D}.Debug|Any CPU.Build.0 = Debug|Any CPU
		{88AE5B6A-C509-4027-9148-80DD5B0A342D}.Release|Any CPU.ActiveCfg = Release|Any CPU
		{88AE5B6A-C509-4027-9148-80DD5B0A342D}.Release|Any CPU.Build.0 = Release|Any CPU
		{6233756C-D4B1-45C9-9AB2-B65B751A059F}.Debug|Any CPU.ActiveCfg = Debug|Any CPU
		{6233756C-D4B1-45C9-9AB2-B65B751A059F}.Debug|Any CPU.Build.0 = Debug|Any CPU
		{6233756C-D4B1-45C9-9AB2-B65B751A059F}.Release|Any CPU.ActiveCfg = Release|Any CPU
		{6233756C-D4B1-45C9-9AB2-B65B751A059F}.Release|Any CPU.Build.0 = Release|Any CPU
		{70D58E97-A04F-4306-A890-215816FAB01A}.Debug|Any CPU.ActiveCfg = Debug|Any CPU
		{70D58E97-A04F-4306-A890-215816FAB01A}.Debug|Any CPU.Build.0 = Debug|Any CPU
		{70D58E97-A04F-4306-A890-215816FAB01A}.Release|Any CPU.ActiveCfg = Release|Any CPU
		{70D58E97-A04F-4306-A890-215816FAB01A}.Release|Any CPU.Build.0 = Release|Any CPU
	EndGlobalSection
	GlobalSection(SolutionProperties) = preSolution
		HideSolutionNode = FALSE
	EndGlobalSection
	GlobalSection(ExtensibilityGlobals) = postSolution
		SolutionGuid = {48C805F5-40B8-47EF-92B4-BDBFA66D2EA4}
	EndGlobalSection
EndGlobal
